
Microsoft Visual Studio Solution File, Format Version 11.00
# Visual C# Express 2010
Project("{FAE04EC0-301F-11D3-BF4B-00C04F79EFBC}") = "SimulacijaModeliranje", "SimulacijaModeliranje\SimulacijaModeliranje.csproj", "{3EF34CF9-55FE-4B92-AC92-6BA80F44357B}"
EndProject
Global
	GlobalSection(SolutionConfigurationPlatforms) = preSolution
		Debug|x86 = Debug|x86
		Release|x86 = Release|x86
	EndGlobalSection
	GlobalSection(ProjectConfigurationPlatforms) = postSolution
		{3EF34CF9-55FE-4B92-AC92-6BA80F44357B}.Debug|x86.ActiveCfg = Debug|x86
		{3EF34CF9-55FE-4B92-AC92-6BA80F44357B}.Debug|x86.Build.0 = Debug|x86
		{3EF34CF9-55FE-4B92-AC92-6BA80F44357B}.Release|x86.ActiveCfg = Release|x86
		{3EF34CF9-55FE-4B92-AC92-6BA80F44357B}.Release|x86.Build.0 = Release|x86
	EndGlobalSection
	GlobalSection(SolutionProperties) = preSolution
		HideSolutionNode = FALSE
	EndGlobalSection
EndGlobal
